
Microsoft Visual Studio Solution File, Format Version 12.00
# Visual Studio Version 17
VisualStudioVersion = 17.0.31903.59
MinimumVisualStudioVersion = 10.0.40219.1
Project("{FAE04EC0-301F-11D3-BF4B-00C04F79EFBC}") = "MesTechStok.Core", "src\MesTechStok.Core\MesTechStok.Core.csproj", "{A1B2C3D4-E5F6-7890-1234-567890ABCDEF}"
EndProject
Project("{FAE04EC0-301F-11D3-BF4B-00C04F79EFBC}") = "MesTechStok.Desktop", "src\MesTechStok.Desktop\MesTechStok.Desktop.csproj", "{7F467789-B0FD-E2DC-3E95-F8AE8B506FAE}"
EndProject
Project("{2150E333-8FDC-42A3-9474-1A3956D46DE8}") = "src", "src", "{827E0CD3-B72D-47B6-A68D-7590B98EB39B}"
EndProject
Project("{FAE04EC0-301F-11D3-BF4B-00C04F79EFBC}") = "MesTech.Domain", "src\MesTech.Domain\MesTech.Domain.csproj", "{4D4DF697-2C8A-41F3-ADCF-83BD789ECBB0}"
EndProject
Project("{FAE04EC0-301F-11D3-BF4B-00C04F79EFBC}") = "MesTech.Application", "src\MesTech.Application\MesTech.Application.csproj", "{1DBA49C7-3D7D-4FBF-848B-BFD26C6B1E64}"
EndProject
Project("{FAE04EC0-301F-11D3-BF4B-00C04F79EFBC}") = "MesTech.Infrastructure", "src\MesTech.Infrastructure\MesTech.Infrastructure.csproj", "{FE89FADE-2E89-43AF-B517-A805A4B3CCFF}"
EndProject
Project("{FAE04EC0-301F-11D3-BF4B-00C04F79EFBC}") = "MesTech.Tests.Unit", "src\MesTech.Tests.Unit\MesTech.Tests.Unit.csproj", "{B8F0F73D-8801-4749-AA74-E711F91B59E7}"
EndProject
Project("{FAE04EC0-301F-11D3-BF4B-00C04F79EFBC}") = "MesTech.Tests.Integration", "src\MesTech.Tests.Integration\MesTech.Tests.Integration.csproj", "{D13CADF7-C063-48C3-A1B7-1BE72D7CD7FD}"
EndProject
Project("{FAE04EC0-301F-11D3-BF4B-00C04F79EFBC}") = "MesTech.Tests.Architecture", "src\MesTech.Tests.Architecture\MesTech.Tests.Architecture.csproj", "{C7DB75A8-7D6A-4F1D-AE3C-5407402F04D0}"
EndProject
Global
	GlobalSection(SolutionConfigurationPlatforms) = preSolution
		Debug|Any CPU = Debug|Any CPU
		Debug|x64 = Debug|x64
		Debug|x86 = Debug|x86
		Release|Any CPU = Release|Any CPU
		Release|x64 = Release|x64
		Release|x86 = Release|x86
	EndGlobalSection
	GlobalSection(ProjectConfigurationPlatforms) = postSolution
		{A1B2C3D4-E5F6-7890-1234-567890ABCDEF}.Debug|Any CPU.ActiveCfg = Debug|Any CPU
		{A1B2C3D4-E5F6-7890-1234-567890ABCDEF}.Debug|Any CPU.Build.0 = Debug|Any CPU
		{A1B2C3D4-E5F6-7890-1234-567890ABCDEF}.Debug|x64.ActiveCfg = Debug|Any CPU
		{A1B2C3D4-E5F6-7890-1234-567890ABCDEF}.Debug|x64.Build.0 = Debug|Any CPU
		{A1B2C3D4-E5F6-7890-1234-567890ABCDEF}.Debug|x86.ActiveCfg = Debug|Any CPU
		{A1B2C3D4-E5F6-7890-1234-567890ABCDEF}.Debug|x86.Build.0 = Debug|Any CPU
		{A1B2C3D4-E5F6-7890-1234-567890ABCDEF}.Release|Any CPU.ActiveCfg = Release|Any CPU
		{A1B2C3D4-E5F6-7890-1234-567890ABCDEF}.Release|Any CPU.Build.0 = Release|Any CPU
		{A1B2C3D4-E5F6-7890-1234-567890ABCDEF}.Release|x64.ActiveCfg = Release|Any CPU
		{A1B2C3D4-E5F6-7890-1234-567890ABCDEF}.Release|x64.Build.0 = Release|Any CPU
		{A1B2C3D4-E5F6-7890-1234-567890ABCDEF}.Release|x86.ActiveCfg = Release|Any CPU
		{A1B2C3D4-E5F6-7890-1234-567890ABCDEF}.Release|x86.Build.0 = Release|Any CPU
		{7F467789-B0FD-E2DC-3E95-F8AE8B506FAE}.Debug|Any CPU.ActiveCfg = Debug|Any CPU
		{7F467789-B0FD-E2DC-3E95-F8AE8B506FAE}.Debug|Any CPU.Build.0 = Debug|Any CPU
		{7F467789-B0FD-E2DC-3E95-F8AE8B506FAE}.Debug|x64.ActiveCfg = Debug|Any CPU
		{7F467789-B0FD-E2DC-3E95-F8AE8B506FAE}.Debug|x64.Build.0 = Debug|Any CPU
		{7F467789-B0FD-E2DC-3E95-F8AE8B506FAE}.Debug|x86.ActiveCfg = Debug|Any CPU
		{7F467789-B0FD-E2DC-3E95-F8AE8B506FAE}.Debug|x86.Build.0 = Debug|Any CPU
		{7F467789-B0FD-E2DC-3E95-F8AE8B506FAE}.Release|Any CPU.ActiveCfg = Release|Any CPU
		{7F467789-B0FD-E2DC-3E95-F8AE8B506FAE}.Release|Any CPU.Build.0 = Release|Any CPU
		{7F467789-B0FD-E2DC-3E95-F8AE8B506FAE}.Release|x64.ActiveCfg = Release|Any CPU
		{7F467789-B0FD-E2DC-3E95-F8AE8B506FAE}.Release|x64.Build.0 = Release|Any CPU
		{7F467789-B0FD-E2DC-3E95-F8AE8B506FAE}.Release|x86.ActiveCfg = Release|Any CPU
		{7F467789-B0FD-E2DC-3E95-F8AE8B506FAE}.Release|x86.Build.0 = Release|Any CPU
		{4D4DF697-2C8A-41F3-ADCF-83BD789ECBB0}.Debug|Any CPU.ActiveCfg = Debug|Any CPU
		{4D4DF697-2C8A-41F3-ADCF-83BD789ECBB0}.Debug|Any CPU.Build.0 = Debug|Any CPU
		{4D4DF697-2C8A-41F3-ADCF-83BD789ECBB0}.Debug|x64.ActiveCfg = Debug|Any CPU
		{4D4DF697-2C8A-41F3-ADCF-83BD789ECBB0}.Debug|x64.Build.0 = Debug|Any CPU
		{4D4DF697-2C8A-41F3-ADCF-83BD789ECBB0}.Debug|x86.ActiveCfg = Debug|Any CPU
		{4D4DF697-2C8A-41F3-ADCF-83BD789ECBB0}.Debug|x86.Build.0 = Debug|Any CPU
		{4D4DF697-2C8A-41F3-ADCF-83BD789ECBB0}.Release|Any CPU.ActiveCfg = Release|Any CPU
		{4D4DF697-2C8A-41F3-ADCF-83BD789ECBB0}.Release|Any CPU.Build.0 = Release|Any CPU
		{4D4DF697-2C8A-41F3-ADCF-83BD789ECBB0}.Release|x64.ActiveCfg = Release|Any CPU
		{4D4DF697-2C8A-41F3-ADCF-83BD789ECBB0}.Release|x64.Build.0 = Release|Any CPU
		{4D4DF697-2C8A-41F3-ADCF-83BD789ECBB0}.Release|x86.ActiveCfg = Release|Any CPU
		{4D4DF697-2C8A-41F3-ADCF-83BD789ECBB0}.Release|x86.Build.0 = Release|Any CPU
		{1DBA49C7-3D7D-4FBF-848B-BFD26C6B1E64}.Debug|Any CPU.ActiveCfg = Debug|Any CPU
		{1DBA49C7-3D7D-4FBF-848B-BFD26C6B1E64}.Debug|Any CPU.Build.0 = Debug|Any CPU
		{1DBA49C7-3D7D-4FBF-848B-BFD26C6B1E64}.Debug|x64.ActiveCfg = Debug|Any CPU
		{1DBA49C7-3D7D-4FBF-848B-BFD26C6B1E64}.Debug|x64.Build.0 = Debug|Any CPU
		{1DBA49C7-3D7D-4FBF-848B-BFD26C6B1E64}.Debug|x86.ActiveCfg = Debug|Any CPU
		{1DBA49C7-3D7D-4FBF-848B-BFD26C6B1E64}.Debug|x86.Build.0 = Debug|Any CPU
		{1DBA49C7-3D7D-4FBF-848B-BFD26C6B1E64}.Release|Any CPU.ActiveCfg = Release|Any CPU
		{1DBA49C7-3D7D-4FBF-848B-BFD26C6B1E64}.Release|Any CPU.Build.0 = Release|Any CPU
		{1DBA49C7-3D7D-4FBF-848B-BFD26C6B1E64}.Release|x64.ActiveCfg = Release|Any CPU
		{1DBA49C7-3D7D-4FBF-848B-BFD26C6B1E64}.Release|x64.Build.0 = Release|Any CPU
		{1DBA49C7-3D7D-4FBF-848B-BFD26C6B1E64}.Release|x86.ActiveCfg = Release|Any CPU
		{1DBA49C7-3D7D-4FBF-848B-BFD26C6B1E64}.Release|x86.Build.0 = Release|Any CPU
		{FE89FADE-2E89-43AF-B517-A805A4B3CCFF}.Debug|Any CPU.ActiveCfg = Debug|Any CPU
		{FE89FADE-2E89-43AF-B517-A805A4B3CCFF}.Debug|Any CPU.Build.0 = Debug|Any CPU
		{FE89FADE-2E89-43AF-B517-A805A4B3CCFF}.Debug|x64.ActiveCfg = Debug|Any CPU
		{FE89FADE-2E89-43AF-B517-A805A4B3CCFF}.Debug|x64.Build.0 = Debug|Any CPU
		{FE89FADE-2E89-43AF-B517-A805A4B3CCFF}.Debug|x86.ActiveCfg = Debug|Any CPU
		{FE89FADE-2E89-43AF-B517-A805A4B3CCFF}.Debug|x86.Build.0 = Debug|Any CPU
		{FE89FADE-2E89-43AF-B517-A805A4B3CCFF}.Release|Any CPU.ActiveCfg = Release|Any CPU
		{FE89FADE-2E89-43AF-B517-A805A4B3CCFF}.Release|Any CPU.Build.0 = Release|Any CPU
		{FE89FADE-2E89-43AF-B517-A805A4B3CCFF}.Release|x64.ActiveCfg = Release|Any CPU
		{FE89FADE-2E89-43AF-B517-A805A4B3CCFF}.Release|x64.Build.0 = Release|Any CPU
		{FE89FADE-2E89-43AF-B517-A805A4B3CCFF}.Release|x86.ActiveCfg = Release|Any CPU
		{FE89FADE-2E89-43AF-B517-A805A4B3CCFF}.Release|x86.Build.0 = Release|Any CPU
		{B8F0F73D-8801-4749-AA74-E711F91B59E7}.Debug|Any CPU.ActiveCfg = Debug|Any CPU
		{B8F0F73D-8801-4749-AA74-E711F91B59E7}.Debug|Any CPU.Build.0 = Debug|Any CPU
		{B8F0F73D-8801-4749-AA74-E711F91B59E7}.Debug|x64.ActiveCfg = Debug|Any CPU
		{B8F0F73D-8801-4749-AA74-E711F91B59E7}.Debug|x64.Build.0 = Debug|Any CPU
		{B8F0F73D-8801-4749-AA74-E711F91B59E7}.Debug|x86.ActiveCfg = Debug|Any CPU
		{B8F0F73D-8801-4749-AA74-E711F91B59E7}.Debug|x86.Build.0 = Debug|Any CPU
		{B8F0F73D-8801-4749-AA74-E711F91B59E7}.Release|Any CPU.ActiveCfg = Release|Any CPU
		{B8F0F73D-8801-4749-AA74-E711F91B59E7}.Release|Any CPU.Build.0 = Release|Any CPU
		{B8F0F73D-8801-4749-AA74-E711F91B59E7}.Release|x64.ActiveCfg = Release|Any CPU
		{B8F0F73D-8801-4749-AA74-E711F91B59E7}.Release|x64.Build.0 = Release|Any CPU
		{B8F0F73D-8801-4749-AA74-E711F91B59E7}.Release|x86.ActiveCfg = Release|Any CPU
		{B8F0F73D-8801-4749-AA74-E711F91B59E7}.Release|x86.Build.0 = Release|Any CPU
		{D13CADF7-C063-48C3-A1B7-1BE72D7CD7FD}.Debug|Any CPU.ActiveCfg = Debug|Any CPU
		{D13CADF7-C063-48C3-A1B7-1BE72D7CD7FD}.Debug|Any CPU.Build.0 = Debug|Any CPU
		{D13CADF7-C063-48C3-A1B7-1BE72D7CD7FD}.Debug|x64.ActiveCfg = Debug|Any CPU
		{D13CADF7-C063-48C3-A1B7-1BE72D7CD7FD}.Debug|x64.Build.0 = Debug|Any CPU
		{D13CADF7-C063-48C3-A1B7-1BE72D7CD7FD}.Debug|x86.ActiveCfg = Debug|Any CPU
		{D13CADF7-C063-48C3-A1B7-1BE72D7CD7FD}.Debug|x86.Build.0 = Debug|Any CPU
		{D13CADF7-C063-48C3-A1B7-1BE72D7CD7FD}.Release|Any CPU.ActiveCfg = Release|Any CPU
		{D13CADF7-C063-48C3-A1B7-1BE72D7CD7FD}.Release|Any CPU.Build.0 = Release|Any CPU
		{D13CADF7-C063-48C3-A1B7-1BE72D7CD7FD}.Release|x64.ActiveCfg = Release|Any CPU
		{D13CADF7-C063-48C3-A1B7-1BE72D7CD7FD}.Release|x64.Build.0 = Release|Any CPU
		{D13CADF7-C063-48C3-A1B7-1BE72D7CD7FD}.Release|x86.ActiveCfg = Release|Any CPU
		{D13CADF7-C063-48C3-A1B7-1BE72D7CD7FD}.Release|x86.Build.0 = Release|Any CPU
		{C7DB75A8-7D6A-4F1D-AE3C-5407402F04D0}.Debug|Any CPU.ActiveCfg = Debug|Any CPU
		{C7DB75A8-7D6A-4F1D-AE3C-5407402F04D0}.Debug|Any CPU.Build.0 = Debug|Any CPU
		{C7DB75A8-7D6A-4F1D-AE3C-5407402F04D0}.Debug|x64.ActiveCfg = Debug|Any CPU
		{C7DB75A8-7D6A-4F1D-AE3C-5407402F04D0}.Debug|x64.Build.0 = Debug|Any CPU
		{C7DB75A8-7D6A-4F1D-AE3C-5407402F04D0}.Debug|x86.ActiveCfg = Debug|Any CPU
		{C7DB75A8-7D6A-4F1D-AE3C-5407402F04D0}.Debug|x86.Build.0 = Debug|Any CPU
		{C7DB75A8-7D6A-4F1D-AE3C-5407402F04D0}.Release|Any CPU.ActiveCfg = Release|Any CPU
		{C7DB75A8-7D6A-4F1D-AE3C-5407402F04D0}.Release|Any CPU.Build.0 = Release|Any CPU
		{C7DB75A8-7D6A-4F1D-AE3C-5407402F04D0}.Release|x64.ActiveCfg = Release|Any CPU
		{C7DB75A8-7D6A-4F1D-AE3C-5407402F04D0}.Release|x64.Build.0 = Release|Any CPU
		{C7DB75A8-7D6A-4F1D-AE3C-5407402F04D0}.Release|x86.ActiveCfg = Release|Any CPU
		{C7DB75A8-7D6A-4F1D-AE3C-5407402F04D0}.Release|x86.Build.0 = Release|Any CPU
	EndGlobalSection
	GlobalSection(SolutionProperties) = preSolution
		HideSolutionNode = FALSE
	EndGlobalSection
	GlobalSection(NestedProjects) = preSolution
		{4D4DF697-2C8A-41F3-ADCF-83BD789ECBB0} = {827E0CD3-B72D-47B6-A68D-7590B98EB39B}
		{1DBA49C7-3D7D-4FBF-848B-BFD26C6B1E64} = {827E0CD3-B72D-47B6-A68D-7590B98EB39B}
		{FE89FADE-2E89-43AF-B517-A805A4B3CCFF} = {827E0CD3-B72D-47B6-A68D-7590B98EB39B}
		{B8F0F73D-8801-4749-AA74-E711F91B59E7} = {827E0CD3-B72D-47B6-A68D-7590B98EB39B}
		{D13CADF7-C063-48C3-A1B7-1BE72D7CD7FD} = {827E0CD3-B72D-47B6-A68D-7590B98EB39B}
		{C7DB75A8-7D6A-4F1D-AE3C-5407402F04D0} = {827E0CD3-B72D-47B6-A68D-7590B98EB39B}
	EndGlobalSection
EndGlobal
